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
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
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
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
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
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
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
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
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
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
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
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
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
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
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
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
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
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
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
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
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
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
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
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
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
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
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
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
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
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